// !$*UTF8*$!
{
	archiveVersion = 1;
	classes = {
	};
	objectVersion = 50;
	objects = {

/* Begin PBXBuildFile section */
		DF755D152682D48100E0E581 /* AppDelegate.m in Sources */ = {isa = PBXBuildFile; fileRef = DF755D142682D48100E0E581 /* AppDelegate.m */; };
		DF755D182682D48100E0E581 /* SceneDelegate.m in Sources */ = {isa = PBXBuildFile; fileRef = DF755D172682D48100E0E581 /* SceneDelegate.m */; };
		DF755D1B2682D48100E0E581 /* ViewController.m in Sources */ = {isa = PBXBuildFile; fileRef = DF755D1A2682D48100E0E581 /* ViewController.m */; };
		DF755D1E2682D48100E0E581 /* Main.storyboard in Resources */ = {isa = PBXBuildFile; fileRef = DF755D1C2682D48100E0E581 /* Main.storyboard */; };
		DF755D202682D48200E0E581 /* Assets.xcassets in Resources */ = {isa = PBXBuildFile; fileRef = DF755D1F2682D48200E0E581 /* Assets.xcassets */; };
		DF755D232682D48200E0E581 /* LaunchScreen.storyboard in Resources */ = {isa = PBXBuildFile; fileRef = DF755D212682D48200E0E581 /* LaunchScreen.storyboard */; };
		DF755D262682D48200E0E581 /* main.m in Sources */ = {isa = PBXBuildFile; fileRef = DF755D252682D48200E0E581 /* main.m */; };
		DF755D302682D48200E0E581 /* TipTokTests.m in Sources */ = {isa = PBXBuildFile; fileRef = DF755D2F2682D48200E0E581 /* TipTokTests.m */; };
		DF755D3B2682D48200E0E581 /* TipTokUITests.m in Sources */ = {isa = PBXBuildFile; fileRef = DF755D3A2682D48200E0E581 /* TipTokUITests.m */; };
/* End PBXBuildFile section */

/* Begin PBXContainerItemProxy section */
		DF755D2C2682D48200E0E581 /* PBXContainerItemProxy */ = {
			isa = PBXContainerItemProxy;
			containerPortal = DF755D082682D48100E0E581 /* Project object */;
			proxyType = 1;
			remoteGlobalIDString = DF755D0F2682D48100E0E581;
			remoteInfo = TipTok;
		};
		DF755D372682D48200E0E581 /* PBXContainerItemProxy */ = {
			isa = PBXContainerItemProxy;
			containerPortal = DF755D082682D48100E0E581 /* Project object */;
			proxyType = 1;
			remoteGlobalIDString = DF755D0F2682D48100E0E581;
			remoteInfo = TipTok;
		};
/* End PBXContainerItemProxy section */

/* Begin PBXFileReference section */
		DF755D102682D48100E0E581 /* TipTok.app */ = {isa = PBXFileReference; explicitFileType = wrapper.application; includeInIndex = 0; path = TipTok.app; sourceTree = BUILT_PRODUCTS_DIR; };
		DF755D132682D48100E0E581 /* AppDelegate.h */ = {isa = PBXFileReference; lastKnownFileType = sourcecode.c.h; path = AppDelegate.h; sourceTree = "<group>"; };
		DF755D142682D48100E0E581 /* AppDelegate.m */ = {isa = PBXFileReference; lastKnownFileType = sourcecode.c.objc; path = AppDelegate.m; sourceTree = "<group>"; };
		DF755D162682D48100E0E581 /* SceneDelegate.h */ = {isa = PBXFileReference; lastKnownFileType = sourcecode.c.h; path = SceneDelegate.h; sourceTree = "<group>"; };
		DF755D172682D48100E0E581 /* SceneDelegate.m */ = {isa = PBXFileReference; lastKnownFileType = sourcecode.c.objc; path = SceneDelegate.m; sourceTree = "<group>"; };
		DF755D192682D48100E0E581 /* ViewController.h */ = {isa = PBXFileReference; lastKnownFileType = sourcecode.c.h; path = ViewController.h; sourceTree = "<group>"; };
		DF755D1A2682D48100E0E581 /* ViewController.m */ = {isa = PBXFileReference; lastKnownFileType = sourcecode.c.objc; path = ViewController.m; sourceTree = "<group>"; };
		DF755D1D2682D48100E0E581 /* Base */ = {isa = PBXFileReference; lastKnownFileType = file.storyboard; name = Base; path = Base.lproj/Main.storyboard; sourceTree = "<group>"; };
		DF755D1F2682D48200E0E581 /* Assets.xcassets */ = {isa = PBXFileReference; lastKnownFileType = folder.assetcatalog; path = Assets.xcassets; sourceTree = "<group>"; };
		DF755D222682D48200E0E581 /* Base */ = {isa = PBXFileReference; lastKnownFileType = file.storyboard; name = Base; path = Base.lproj/LaunchScreen.storyboard; sourceTree = "<group>"; };
		DF755D242682D48200E0E581 /* Info.plist */ = {isa = PBXFileReference; lastKnownFileType = text.plist.xml; path = Info.plist; sourceTree = "<group>"; };
		DF755D252682D48200E0E581 /* main.m */ = {isa = PBXFileReference; lastKnownFileType = sourcecode.c.objc; path = main.m; sourceTree = "<group>"; };
		DF755D2B2682D48200E0E581 /* TipTokTests.xctest */ = {isa = PBXFileReference; explicitFileType = wrapper.cfbundle; includeInIndex = 0; path = TipTokTests.xctest; sourceTree = BUILT_PRODUCTS_DIR; };
		DF755D2F2682D48200E0E581 /* TipTokTests.m */ = {isa = PBXFileReference; lastKnownFileType = sourcecode.c.objc; path = TipTokTests.m; sourceTree = "<group>"; };
		DF755D312682D48200E0E581 /* Info.plist */ = {isa = PBXFileReference; lastKnownFileType = text.plist.xml; path = Info.plist; sourceTree = "<group>"; };
		DF755D362682D48200E0E581 /* TipTokUITests.xctest */ = {isa = PBXFileReference; explicitFileType = wrapper.cfbundle; includeInIndex = 0; path = TipTokUITests.xctest; sourceTree = BUILT_PRODUCTS_DIR; };
		DF755D3A2682D48200E0E581 /* TipTokUITests.m */ = {isa = PBXFileReference; lastKnownFileType = sourcecode.c.objc; path = TipTokUITests.m; sourceTree = "<group>"; };
		DF755D3C2682D48200E0E581 /* Info.plist */ = {isa = PBXFileReference; lastKnownFileType = text.plist.xml; path = Info.plist; sourceTree = "<group>"; };
/* End PBXFileReference section */

/* Begin PBXFrameworksBuildPhase section */
		DF755D0D2682D48100E0E581 /* Frameworks */ = {
			isa = PBXFrameworksBuildPhase;
			buildActionMask = 2147483647;
			files = (
			);
			runOnlyForDeploymentPostprocessing = 0;
		};
		DF755D282682D48200E0E581 /* Frameworks */ = {
			isa = PBXFrameworksBuildPhase;
			buildActionMask = 2147483647;
			files = (
			);
			runOnlyForDeploymentPostprocessing = 0;
		};
		DF755D332682D48200E0E581 /* Frameworks */ = {
			isa = PBXFrameworksBuildPhase;
			buildActionMask = 2147483647;
			files = (
			);
			runOnlyForDeploymentPostprocessing = 0;
		};
/* End PBXFrameworksBuildPhase section */

/* Begin PBXGroup section */
		DF755D072682D48100E0E581 = {
			isa = PBXGroup;
			children = (
				DF755D122682D48100E0E581 /* TipTok */,
				DF755D2E2682D48200E0E581 /* TipTokTests */,
				DF755D392682D48200E0E581 /* TipTokUITests */,
				DF755D112682D48100E0E581 /* Products */,
			);
			sourceTree = "<group>";
		};
		DF755D112682D48100E0E581 /* Products */ = {
			isa = PBXGroup;
			children = (
				DF755D102682D48100E0E581 /* TipTok.app */,
				DF755D2B2682D48200E0E581 /* TipTokTests.xctest */,
				DF755D362682D48200E0E581 /* TipTokUITests.xctest */,
			);
			name = Products;
			sourceTree = "<group>";
		};
		DF755D122682D48100E0E581 /* TipTok */ = {
			isa = PBXGroup;
			children = (
				DF755D132682D48100E0E581 /* AppDelegate.h */,
				DF755D142682D48100E0E581 /* AppDelegate.m */,
				DF755D162682D48100E0E581 /* SceneDelegate.h */,
				DF755D172682D48100E0E581 /* SceneDelegate.m */,
				DF755D192682D48100E0E581 /* ViewController.h */,
				DF755D1A2682D48100E0E581 /* ViewController.m */,
				DF755D1C2682D48100E0E581 /* Main.storyboard */,
				DF755D1F2682D48200E0E581 /* Assets.xcassets */,
				DF755D212682D48200E0E581 /* LaunchScreen.storyboard */,
				DF755D242682D48200E0E581 /* Info.plist */,
				DF755D252682D48200E0E581 /* main.m */,
			);
			path = TipTok;
			sourceTree = "<group>";
		};
		DF755D2E2682D48200E0E581 /* TipTokTests */ = {
			isa = PBXGroup;
			children = (
				DF755D2F2682D48200E0E581 /* TipTokTests.m */,
				DF755D312682D48200E0E581 /* Info.plist */,
			);
			path = TipTokTests;
			sourceTree = "<group>";
		};
		DF755D392682D48200E0E581 /* TipTokUITests */ = {
			isa = PBXGroup;
			children = (
				DF755D3A2682D48200E0E581 /* TipTokUITests.m */,
				DF755D3C2682D48200E0E581 /* Info.plist */,
			);
			path = TipTokUITests;
			sourceTree = "<group>";
		};
/* End PBXGroup section */

/* Begin PBXNativeTarget section */
		DF755D0F2682D48100E0E581 /* TipTok */ = {
			isa = PBXNativeTarget;
			buildConfigurationList = DF755D3F2682D48200E0E581 /* Build configuration list for PBXNativeTarget "TipTok" */;
			buildPhases = (
				DF755D0C2682D48100E0E581 /* Sources */,
				DF755D0D2682D48100E0E581 /* Frameworks */,
				DF755D0E2682D48100E0E581 /* Resources */,
			);
			buildRules = (
			);
			dependencies = (
			);
			name = TipTok;
			productName = TipTok;
			productReference = DF755D102682D48100E0E581 /* TipTok.app */;
			productType = "com.apple.product-type.application";
		};
		DF755D2A2682D48200E0E581 /* TipTokTests */ = {
			isa = PBXNativeTarget;
			buildConfigurationList = DF755D422682D48200E0E581 /* Build configuration list for PBXNativeTarget "TipTokTests" */;
			buildPhases = (
				DF755D272682D48200E0E581 /* Sources */,
				DF755D282682D48200E0E581 /* Frameworks */,
				DF755D292682D48200E0E581 /* Resources */,
			);
			buildRules = (
			);
			dependencies = (
				DF755D2D2682D48200E0E581 /* PBXTargetDependency */,
			);
			name = TipTokTests;
			productName = TipTokTests;
			productReference = DF755D2B2682D48200E0E581 /* TipTokTests.xctest */;
			productType = "com.apple.product-type.bundle.unit-test";
		};
		DF755D352682D48200E0E581 /* TipTokUITests */ = {
			isa = PBXNativeTarget;
			buildConfigurationList = DF755D452682D48200E0E581 /* Build configuration list for PBXNativeTarget "TipTokUITests" */;
			buildPhases = (
				DF755D322682D48200E0E581 /* Sources */,
				DF755D332682D48200E0E581 /* Frameworks */,
				DF755D342682D48200E0E581 /* Resources */,
			);
			buildRules = (
			);
			dependencies = (
				DF755D382682D48200E0E581 /* PBXTargetDependency */,
			);
			name = TipTokUITests;
			productName = TipTokUITests;
			productReference = DF755D362682D48200E0E581 /* TipTokUITests.xctest */;
			productType = "com.apple.product-type.bundle.ui-testing";
		};
/* End PBXNativeTarget section */

/* Begin PBXProject section */
		DF755D082682D48100E0E581 /* Project object */ = {
			isa = PBXProject;
			attributes = {
				LastUpgradeCheck = 1250;
				TargetAttributes = {
					DF755D0F2682D48100E0E581 = {
						CreatedOnToolsVersion = 12.5.1;
					};
					DF755D2A2682D48200E0E581 = {
						CreatedOnToolsVersion = 12.5.1;
						TestTargetID = DF755D0F2682D48100E0E581;
					};
					DF755D352682D48200E0E581 = {
						CreatedOnToolsVersion = 12.5.1;
						TestTargetID = DF755D0F2682D48100E0E581;
					};
				};
			};
			buildConfigurationList = DF755D0B2682D48100E0E581 /* Build configuration list for PBXProject "TipTok" */;
			compatibilityVersion = "Xcode 9.3";
			developmentRegion = en;
			hasScannedForEncodings = 0;
			knownRegions = (
				en,
				Base,
			);
			mainGroup = DF755D072682D48100E0E581;
			productRefGroup = DF755D112682D48100E0E581 /* Products */;
			projectDirPath = "";
			projectRoot = "";
			targets = (
				DF755D0F2682D48100E0E581 /* TipTok */,
				DF755D2A2682D48200E0E581 /* TipTokTests */,
				DF755D352682D48200E0E581 /* TipTokUITests */,
			);
		};
/* End PBXProject section */

/* Begin PBXResourcesBuildPhase section */
		DF755D0E2682D48100E0E581 /* Resources */ = {
			isa = PBXResourcesBuildPhase;
			buildActionMask = 2147483647;
			files = (
				DF755D232682D48200E0E581 /* LaunchScreen.storyboard in Resources */,
				DF755D202682D48200E0E581 /* Assets.xcassets in Resources */,
				DF755D1E2682D48100E0E581 /* Main.storyboard in Resources */,
			);
			runOnlyForDeploymentPostprocessing = 0;
		};
		DF755D292682D48200E0E581 /* Resources */ = {
			isa = PBXResourcesBuildPhase;
			buildActionMask = 2147483647;
			files = (
			);
			runOnlyForDeploymentPostprocessing = 0;
		};
		DF755D342682D48200E0E581 /* Resources */ = {
			isa = PBXResourcesBuildPhase;
			buildActionMask = 2147483647;
			files = (
			);
			runOnlyForDeploymentPostprocessing = 0;
		};
/* End PBXResourcesBuildPhase section */

/* Begin PBXSourcesBuildPhase section */
		DF755D0C2682D48100E0E581 /* Sources */ = {
			isa = PBXSourcesBuildPhase;
			buildActionMask = 2147483647;
			files = (
				DF755D1B2682D48100E0E581 /* ViewController.m in Sources */,
				DF755D152682D48100E0E581 /* AppDelegate.m in Sources */,
				DF755D262682D48200E0E581 /* main.m in Sources */,
				DF755D182682D48100E0E581 /* SceneDelegate.m in Sources */,
			);
			runOnlyForDeploymentPostprocessing = 0;
		};
		DF755D272682D48200E0E581 /* Sources */ = {
			isa = PBXSourcesBuildPhase;
			buildActionMask = 2147483647;
			files = (
				DF755D302682D48200E0E581 /* TipTokTests.m in Sources */,
			);
			runOnlyForDeploymentPostprocessing = 0;
		};
		DF755D322682D48200E0E581 /* Sources */ = {
			isa = PBXSourcesBuildPhase;
			buildActionMask = 2147483647;
			files = (
				DF755D3B2682D48200E0E581 /* TipTokUITests.m in Sources */,
			);
			runOnlyForDeploymentPostprocessing = 0;
		};
/* End PBXSourcesBuildPhase section */

/* Begin PBXTargetDependency section */
		DF755D2D2682D48200E0E581 /* PBXTargetDependency */ = {
			isa = PBXTargetDependency;
			target = DF755D0F2682D48100E0E581 /* TipTok */;
			targetProxy = DF755D2C2682D48200E0E581 /* PBXContainerItemProxy */;
		};
		DF755D382682D48200E0E581 /* PBXTargetDependency */ = {
			isa = PBXTargetDependency;
			target = DF755D0F2682D48100E0E581 /* TipTok */;
			targetProxy = DF755D372682D48200E0E581 /* PBXContainerItemProxy */;
		};
/* End PBXTargetDependency section */

/* Begin PBXVariantGroup section */
		DF755D1C2682D48100E0E581 /* Main.storyboard */ = {
			isa = PBXVariantGroup;
			children = (
				DF755D1D2682D48100E0E581 /* Base */,
			);
			name = Main.storyboard;
			sourceTree = "<group>";
		};
		DF755D212682D48200E0E581 /* LaunchScreen.storyboard */ = {
			isa = PBXVariantGroup;
			children = (
				DF755D222682D48200E0E581 /* Base */,
			);
			name = LaunchScreen.storyboard;
			sourceTree = "<group>";
		};
/* End PBXVariantGroup section */

/* Begin XCBuildConfiguration section */
		DF755D3D2682D48200E0E581 /* Debug */ = {
			isa = XCBuildConfiguration;
			buildSettings = {
				ALWAYS_SEARCH_USER_PATHS = NO;
				CLANG_ANALYZER_NONNULL = YES;
				CLANG_ANALYZER_NUMBER_OBJECT_CONVERSION = YES_AGGRESSIVE;
				CLANG_CXX_LANGUAGE_STANDARD = "gnu++14";
				CLANG_CXX_LIBRARY = "libc++";
				CLANG_ENABLE_MODULES = YES;
				CLANG_ENABLE_OBJC_ARC = YES;
				CLANG_ENABLE_OBJC_WEAK = YES;
				CLANG_WARN_BLOCK_CAPTURE_AUTORELEASING = YES;
				CLANG_WARN_BOOL_CONVERSION = YES;
				CLANG_WARN_COMMA = YES;
				CLANG_WARN_CONSTANT_CONVERSION = YES;
				CLANG_WARN_DEPRECATED_OBJC_IMPLEMENTATIONS = YES;
				CLANG_WARN_DIRECT_OBJC_ISA_USAGE = YES_ERROR;
				CLANG_WARN_DOCUMENTATION_COMMENTS = YES;
				CLANG_WARN_EMPTY_BODY = YES;
				CLANG_WARN_ENUM_CONVERSION = YES;
				CLANG_WARN_INFINITE_RECURSION = YES;
				CLANG_WARN_INT_CONVERSION = YES;
				CLANG_WARN_NON_LITERAL_NULL_CONVERSION = YES;
				CLANG_WARN_OBJC_IMPLICIT_RETAIN_SELF = YES;
				CLANG_WARN_OBJC_LITERAL_CONVERSION = YES;
				CLANG_WARN_OBJC_ROOT_CLASS = YES_ERROR;
				CLANG_WARN_QUOTED_INCLUDE_IN_FRAMEWORK_HEADER = YES;
				CLANG_WARN_RANGE_LOOP_ANALYSIS = YES;
				CLANG_WARN_STRICT_PROTOTYPES = YES;
				CLANG_WARN_SUSPICIOUS_MOVE = YES;
				CLANG_WARN_UNGUARDED_AVAILABILITY = YES_AGGRESSIVE;
				CLANG_WARN_UNREACHABLE_CODE = YES;
				CLANG_WARN__DUPLICATE_METHOD_MATCH = YES;
				COPY_PHASE_STRIP = NO;
				DEBUG_INFORMATION_FORMAT = dwarf;
				ENABLE_STRICT_OBJC_MSGSEND = YES;
				ENABLE_TESTABILITY = YES;
				GCC_C_LANGUAGE_STANDARD = gnu11;
				GCC_DYNAMIC_NO_PIC = NO;
				GCC_NO_COMMON_BLOCKS = YES;
				GCC_OPTIMIZATION_LEVEL = 0;
				GCC_PREPROCESSOR_DEFINITIONS = (
					"DEBUG=1",
					"$(inherited)",
				);
				GCC_WARN_64_TO_32_BIT_CONVERSION = YES;
				GCC_WARN_ABOUT_RETURN_TYPE = YES_ERROR;
				GCC_WARN_UNDECLARED_SELECTOR = YES;
				GCC_WARN_UNINITIALIZED_AUTOS = YES_AGGRESSIVE;
				GCC_WARN_UNUSED_FUNCTION = YES;
				GCC_WARN_UNUSED_VARIABLE = YES;
				IPHONEOS_DEPLOYMENT_TARGET = 14.5;
				MTL_ENABLE_DEBUG_INFO = INCLUDE_SOURCE;
				MTL_FAST_MATH = YES;
				ONLY_ACTIVE_ARCH = YES;
				SDKROOT = iphoneos;
			};
			name = Debug;
		};
		DF755D3E2682D48200E0E581 /* Release */ = {
			isa = XCBuildConfiguration;
			buildSettings = {
				ALWAYS_SEARCH_USER_PATHS = NO;
				CLANG_ANALYZER_NONNULL = YES;
				CLANG_ANALYZER_NUMBER_OBJECT_CONVERSION = YES_AGGRESSIVE;
				CLANG_CXX_LANGUAGE_STANDARD = "gnu++14";
				CLANG_CXX_LIBRARY = "libc++";
				CLANG_ENABLE_MODULES = YES;
				CLANG_ENABLE_OBJC_ARC = YES;
				CLANG_ENABLE_OBJC_WEAK = YES;
				CLANG_WARN_BLOCK_CAPTURE_AUTORELEASING = YES;
				CLANG_WARN_BOOL_CONVERSION = YES;
				CLANG_WARN_COMMA = YES;
				CLANG_WARN_CONSTANT_CONVERSION = YES;
				CLANG_WARN_DEPRECATED_OBJC_IMPLEMENTATIONS = YES;
				CLANG_WARN_DIRECT_OBJC_ISA_USAGE = YES_ERROR;
				CLANG_WARN_DOCUMENTATION_COMMENTS = YES;
				CLANG_WARN_EMPTY_BODY = YES;
				CLANG_WARN_ENUM_CONVERSION = YES;
				CLANG_WARN_INFINITE_RECURSION = YES;
				CLANG_WARN_INT_CONVERSION = YES;
				CLANG_WARN_NON_LITERAL_NULL_CONVERSION = YES;
				CLANG_WARN_OBJC_IMPLICIT_RETAIN_SELF = YES;
				CLANG_WARN_OBJC_LITERAL_CONVERSION = YES;
				CLANG_WARN_OBJC_ROOT_CLASS = YES_ERROR;
				CLANG_WARN_QUOTED_INCLUDE_IN_FRAMEWORK_HEADER = YES;
				CLANG_WARN_RANGE_LOOP_ANALYSIS = YES;
				CLANG_WARN_STRICT_PROTOTYPES = YES;
				CLANG_WARN_SUSPICIOUS_MOVE = YES;
				CLANG_WARN_UNGUARDED_AVAILABILITY = YES_AGGRESSIVE;
				CLANG_WARN_UNREACHABLE_CODE = YES;
				CLANG_WARN__DUPLICATE_METHOD_MATCH = YES;
				COPY_PHASE_STRIP = NO;
				DEBUG_INFORMATION_FORMAT = "dwarf-with-dsym";
				ENABLE_NS_ASSERTIONS = NO;
				ENABLE_STRICT_OBJC_MSGSEND = YES;
				GCC_C_LANGUAGE_STANDARD = gnu11;
				GCC_NO_COMMON_BLOCKS = YES;
				GCC_WARN_64_TO_32_BIT_CONVERSION = YES;
				GCC_WARN_ABOUT_RETURN_TYPE = YES_ERROR;
				GCC_WARN_UNDECLARED_SELECTOR = YES;
				GCC_WARN_UNINITIALIZED_AUTOS = YES_AGGRESSIVE;
				GCC_WARN_UNUSED_FUNCTION = YES;
				GCC_WARN_UNUSED_VARIABLE = YES;
				IPHONEOS_DEPLOYMENT_TARGET = 14.5;
				MTL_ENABLE_DEBUG_INFO = NO;
				MTL_FAST_MATH = YES;
				SDKROOT = iphoneos;
				VALIDATE_PRODUCT = YES;
			};
			name = Release;
		};
		DF755D402682D48200E0E581 /* Debug */ = {
			isa = XCBuildConfiguration;
			buildSettings = {
				ASSETCATALOG_COMPILER_APPICON_NAME = AppIcon;
				ASSETCATALOG_COMPILER_GLOBAL_ACCENT_COLOR_NAME = AccentColor;
				CODE_SIGN_STYLE = Automatic;
				DEVELOPMENT_TEAM = 6P8ZRP65P6;
				INFOPLIST_FILE = TipTok/Info.plist;
				LD_RUNPATH_SEARCH_PATHS = (
					"$(inherited)",
					"@executable_path/Frameworks",
				);
				PRODUCT_BUNDLE_IDENTIFIER = com.AtemnkengFontem.TipTok;
				PRODUCT_NAME = "$(TARGET_NAME)";
				TARGETED_DEVICE_FAMILY = "1,2";
			};
			name = Debug;
		};
		DF755D412682D48200E0E581 /* Release */ = {
			isa = XCBuildConfiguration;
			buildSettings = {
				ASSETCATALOG_COMPILER_APPICON_NAME = AppIcon;
				ASSETCATALOG_COMPILER_GLOBAL_ACCENT_COLOR_NAME = AccentColor;
				CODE_SIGN_STYLE = Automatic;
				DEVELOPMENT_TEAM = 6P8ZRP65P6;
				INFOPLIST_FILE = TipTok/Info.plist;
				LD_RUNPATH_SEARCH_PATHS = (
					"$(inherited)",
					"@executable_path/Frameworks",
				);
				PRODUCT_BUNDLE_IDENTIFIER = com.AtemnkengFontem.TipTok;
				PRODUCT_NAME = "$(TARGET_NAME)";
				TARGETED_DEVICE_FAMILY = "1,2";
			};
			name = Release;
		};
		DF755D432682D48200E0E581 /* Debug */ = {
			isa = XCBuildConfiguration;
			buildSettings = {
				BUNDLE_LOADER = "$(TEST_HOST)";
				CODE_SIGN_STYLE = Automatic;
				DEVELOPMENT_TEAM = 6P8ZRP65P6;
				INFOPLIST_FILE = TipTokTests/Info.plist;
				IPHONEOS_DEPLOYMENT_TARGET = 14.5;
				LD_RUNPATH_SEARCH_PATHS = (
					"$(inherited)",
					"@executable_path/Frameworks",
					"@loader_path/Frameworks",
				);
				PRODUCT_BUNDLE_IDENTIFIER = com.AtemnkengFontem.TipTokTests;
				PRODUCT_NAME = "$(TARGET_NAME)";
				TARGETED_DEVICE_FAMILY = "1,2";
				TEST_HOST = "$(BUILT_PRODUCTS_DIR)/TipTok.app/TipTok";
			};
			name = Debug;
		};
		DF755D442682D48200E0E581 /* Release */ = {
			isa = XCBuildConfiguration;
			buildSettings = {
				BUNDLE_LOADER = "$(TEST_HOST)";
				CODE_SIGN_STYLE = Automatic;
				DEVELOPMENT_TEAM = 6P8ZRP65P6;
				INFOPLIST_FILE = TipTokTests/Info.plist;
				IPHONEOS_DEPLOYMENT_TARGET = 14.5;
				LD_RUNPATH_SEARCH_PATHS = (
					"$(inherited)",
					"@executable_path/Frameworks",
					"@loader_path/Frameworks",
				);
				PRODUCT_BUNDLE_IDENTIFIER = com.AtemnkengFontem.TipTokTests;
				PRODUCT_NAME = "$(TARGET_NAME)";
				TARGETED_DEVICE_FAMILY = "1,2";
				TEST_HOST = "$(BUILT_PRODUCTS_DIR)/TipTok.app/TipTok";
			};
			name = Release;
		};
		DF755D462682D48200E0E581 /* Debug */ = {
			isa = XCBuildConfiguration;
			buildSettings = {
				CODE_SIGN_STYLE = Automatic;
				DEVELOPMENT_TEAM = 6P8ZRP65P6;
				INFOPLIST_FILE = TipTokUITests/Info.plist;
				LD_RUNPATH_SEARCH_PATHS = (
					"$(inherited)",
					"@executable_path/Frameworks",
					"@loader_path/Frameworks",
				);
				PRODUCT_BUNDLE_IDENTIFIER = com.AtemnkengFontem.TipTokUITests;
				PRODUCT_NAME = "$(TARGET_NAME)";
				TARGETED_DEVICE_FAMILY = "1,2";
				TEST_TARGET_NAME = TipTok;
			};
			name = Debug;
		};
		DF755D472682D48200E0E581 /* Release */ = {
			isa = XCBuildConfiguration;
			buildSettings = {
				CODE_SIGN_STYLE = Automatic;
				DEVELOPMENT_TEAM = 6P8ZRP65P6;
				INFOPLIST_FILE = TipTokUITests/Info.plist;
				LD_RUNPATH_SEARCH_PATHS = (
					"$(inherited)",
					"@executable_path/Frameworks",
					"@loader_path/Frameworks",
				);
				PRODUCT_BUNDLE_IDENTIFIER = com.AtemnkengFontem.TipTokUITests;
				PRODUCT_NAME = "$(TARGET_NAME)";
				TARGETED_DEVICE_FAMILY = "1,2";
				TEST_TARGET_NAME = TipTok;
			};
			name = Release;
		};
/* End XCBuildConfiguration section */

/* Begin XCConfigurationList section */
		DF755D0B2682D48100E0E581 /* Build configuration list for PBXProject "TipTok" */ = {
			isa = XCConfigurationList;
			buildConfigurations = (
				DF755D3D2682D48200E0E581 /* Debug */,
				DF755D3E2682D48200E0E581 /* Release */,
			);
			defaultConfigurationIsVisible = 0;
			defaultConfigurationName = Release;
		};
		DF755D3F2682D48200E0E581 /* Build configuration list for PBXNativeTarget "TipTok" */ = {
			isa = XCConfigurationList;
			buildConfigurations = (
				DF755D402682D48200E0E581 /* Debug */,
				DF755D412682D48200E0E581 /* Release */,
			);
			defaultConfigurationIsVisible = 0;
			defaultConfigurationName = Release;
		};
		DF755D422682D48200E0E581 /* Build configuration list for PBXNativeTarget "TipTokTests" */ = {
			isa = XCConfigurationList;
			buildConfigurations = (
				DF755D432682D48200E0E581 /* Debug */,
				DF755D442682D48200E0E581 /* Release */,
			);
			defaultConfigurationIsVisible = 0;
			defaultConfigurationName = Release;
		};
		DF755D452682D48200E0E581 /* Build configuration list for PBXNativeTarget "TipTokUITests" */ = {
			isa = XCConfigurationList;
			buildConfigurations = (
				DF755D462682D48200E0E581 /* Debug */,
				DF755D472682D48200E0E581 /* Release */,
			);
			defaultConfigurationIsVisible = 0;
			defaultConfigurationName = Release;
		};
/* End XCConfigurationList section */
	};
	rootObject = DF755D082682D48100E0E581 /* Project object */;
}
